
Microsoft Visual Studio Solution File, Format Version 12.00
# Visual Studio Version 16
VisualStudioVersion = 16.0.28803.452
MinimumVisualStudioVersion = 10.0.40219.1
Project("{9A19103F-16F7-4668-BE54-9A1E7A4F7556}") = "SistemaLembrete.Domain", "SistemaLembrete.Domain\SistemaLembrete.Domain.csproj", "{471599E2-844B-4CAE-929F-B2079A69B427}"
EndProject
Project("{9A19103F-16F7-4668-BE54-9A1E7A4F7556}") = "SistemaLembrete.Repository", "SistemaLembrete.Repository\SistemaLembrete.Repository.csproj", "{75A4CE4B-4C0E-4F26-84A8-72296E1820F0}"
EndProject
Project("{9A19103F-16F7-4668-BE54-9A1E7A4F7556}") = "SistemaLembrete.Api", "SistemaLembrete.Api\SistemaLembrete.Api.csproj", "{7EFA3026-6906-4E97-8BD8-F0ED40A77A6F}"
EndProject
Project("{FAE04EC0-301F-11D3-BF4B-00C04F79EFBC}") = "SistemaLembrete.Core", "SistemaLembrete.Core\SistemaLembrete.Core.csproj", "{A570A6A3-425A-4F20-A357-57331F861837}"
EndProject
Project("{FAE04EC0-301F-11D3-BF4B-00C04F79EFBC}") = "SistemaLembrete.Application", "SistemaLembrete.Application\SistemaLembrete.Application.csproj", "{3C552A26-C8D9-47C9-B42E-CAF5F535F3E5}"
EndProject
Global
	GlobalSection(SolutionConfigurationPlatforms) = preSolution
		Debug|Any CPU = Debug|Any CPU
		Release|Any CPU = Release|Any CPU
	EndGlobalSection
	GlobalSection(ProjectConfigurationPlatforms) = postSolution
		{471599E2-844B-4CAE-929F-B2079A69B427}.Debug|Any CPU.ActiveCfg = Debug|Any CPU
		{471599E2-844B-4CAE-929F-B2079A69B427}.Debug|Any CPU.Build.0 = Debug|Any CPU
		{471599E2-844B-4CAE-929F-B2079A69B427}.Release|Any CPU.ActiveCfg = Release|Any CPU
		{471599E2-844B-4CAE-929F-B2079A69B427}.Release|Any CPU.Build.0 = Release|Any CPU
		{75A4CE4B-4C0E-4F26-84A8-72296E1820F0}.Debug|Any CPU.ActiveCfg = Debug|Any CPU
		{75A4CE4B-4C0E-4F26-84A8-72296E1820F0}.Debug|Any CPU.Build.0 = Debug|Any CPU
		{75A4CE4B-4C0E-4F26-84A8-72296E1820F0}.Release|Any CPU.ActiveCfg = Release|Any CPU
		{75A4CE4B-4C0E-4F26-84A8-72296E1820F0}.Release|Any CPU.Build.0 = Release|Any CPU
		{7EFA3026-6906-4E97-8BD8-F0ED40A77A6F}.Debug|Any CPU.ActiveCfg = Debug|Any CPU
		{7EFA3026-6906-4E97-8BD8-F0ED40A77A6F}.Debug|Any CPU.Build.0 = Debug|Any CPU
		{7EFA3026-6906-4E97-8BD8-F0ED40A77A6F}.Release|Any CPU.ActiveCfg = Release|Any CPU
		{7EFA3026-6906-4E97-8BD8-F0ED40A77A6F}.Release|Any CPU.Build.0 = Release|Any CPU
		{A570A6A3-425A-4F20-A357-57331F861837}.Debug|Any CPU.ActiveCfg = Debug|Any CPU
		{A570A6A3-425A-4F20-A357-57331F861837}.Debug|Any CPU.Build.0 = Debug|Any CPU
		{A570A6A3-425A-4F20-A357-57331F861837}.Release|Any CPU.ActiveCfg = Release|Any CPU
		{A570A6A3-425A-4F20-A357-57331F861837}.Release|Any CPU.Build.0 = Release|Any CPU
		{3C552A26-C8D9-47C9-B42E-CAF5F535F3E5}.Debug|Any CPU.ActiveCfg = Debug|Any CPU
		{3C552A26-C8D9-47C9-B42E-CAF5F535F3E5}.Debug|Any CPU.Build.0 = Debug|Any CPU
		{3C552A26-C8D9-47C9-B42E-CAF5F535F3E5}.Release|Any CPU.ActiveCfg = Release|Any CPU
		{3C552A26-C8D9-47C9-B42E-CAF5F535F3E5}.Release|Any CPU.Build.0 = Release|Any CPU
	EndGlobalSection
	GlobalSection(SolutionProperties) = preSolution
		HideSolutionNode = FALSE
	EndGlobalSection
	GlobalSection(ExtensibilityGlobals) = postSolution
		SolutionGuid = {BAA78FB9-5541-4D5A-AB30-A89C5EBBE13F}
	EndGlobalSection
EndGlobal
